
Microsoft Visual Studio Solution File, Format Version 12.00
# Visual Studio Version 16
VisualStudioVersion = 16.0.31005.135
MinimumVisualStudioVersion = 10.0.40219.1
Project("{9A19103F-16F7-4668-BE54-9A1E7A4F7556}") = "Private_collections", "Private_collections\Private_collections.csproj", "{7A9508D1-3392-47E4-9C60-1DE8A9584E3A}"
EndProject
Global
	GlobalSection(SolutionConfigurationPlatforms) = preSolution
		Debug|Any CPU = Debug|Any CPU
		Release|Any CPU = Release|Any CPU
	EndGlobalSection
	GlobalSection(ProjectConfigurationPlatforms) = postSolution
		{7A9508D1-3392-47E4-9C60-1DE8A9584E3A}.Debug|Any CPU.ActiveCfg = Debug|Any CPU
		{7A9508D1-3392-47E4-9C60-1DE8A9584E3A}.Debug|Any CPU.Build.0 = Debug|Any CPU
		{7A9508D1-3392-47E4-9C60-1DE8A9584E3A}.Release|Any CPU.ActiveCfg = Release|Any CPU
		{7A9508D1-3392-47E4-9C60-1DE8A9584E3A}.Release|Any CPU.Build.0 = Release|Any CPU
	EndGlobalSection
	GlobalSection(SolutionProperties) = preSolution
		HideSolutionNode = FALSE
	EndGlobalSection
	GlobalSection(ExtensibilityGlobals) = postSolution
		SolutionGuid = {4D91EC17-B3F3-49FA-BFA0-69EE3AA19B7B}
	EndGlobalSection
EndGlobal
